// !$*UTF8*$!
{
	archiveVersion = 1;
	classes = {
	};
	objectVersion = 46;
	objects = {

/* Begin PBXBuildFile section */
		04CCD5AA1E98B0F70074020F /* AppDelegate.swift in Sources */ = {isa = PBXBuildFile; fileRef = 04CCD5A91E98B0F70074020F /* AppDelegate.swift */; };
		04CCD5AC1E98B0F70074020F /* ViewController.swift in Sources */ = {isa = PBXBuildFile; fileRef = 04CCD5AB1E98B0F70074020F /* ViewController.swift */; };
		04CCD5AF1E98B0F70074020F /* Main.storyboard in Resources */ = {isa = PBXBuildFile; fileRef = 04CCD5AD1E98B0F70074020F /* Main.storyboard */; };
		04CCD5B11E98B0F70074020F /* Assets.xcassets in Resources */ = {isa = PBXBuildFile; fileRef = 04CCD5B01E98B0F70074020F /* Assets.xcassets */; };
		04CCD5B41E98B0F70074020F /* LaunchScreen.storyboard in Resources */ = {isa = PBXBuildFile; fileRef = 04CCD5B21E98B0F70074020F /* LaunchScreen.storyboard */; };
		04CCD5BF1E98B0F70074020F /* AJKBannerDemoTests.swift in Sources */ = {isa = PBXBuildFile; fileRef = 04CCD5BE1E98B0F70074020F /* AJKBannerDemoTests.swift */; };
		04CCD5CA1E98B0F70074020F /* AJKBannerDemoUITests.swift in Sources */ = {isa = PBXBuildFile; fileRef = 04CCD5C91E98B0F70074020F /* AJKBannerDemoUITests.swift */; };
		04CCD5D91E98B1240074020F /* AJKBanner.swift in Sources */ = {isa = PBXBuildFile; fileRef = 04CCD5D81E98B1240074020F /* AJKBanner.swift */; };
/* End PBXBuildFile section */

/* Begin PBXContainerItemProxy section */
		04CCD5BB1E98B0F70074020F /* PBXContainerItemProxy */ = {
			isa = PBXContainerItemProxy;
			containerPortal = 04CCD59E1E98B0F70074020F /* Project object */;
			proxyType = 1;
			remoteGlobalIDString = 04CCD5A51E98B0F70074020F;
			remoteInfo = AJKBannerDemo;
		};
		04CCD5C61E98B0F70074020F /* PBXContainerItemProxy */ = {
			isa = PBXContainerItemProxy;
			containerPortal = 04CCD59E1E98B0F70074020F /* Project object */;
			proxyType = 1;
			remoteGlobalIDString = 04CCD5A51E98B0F70074020F;
			remoteInfo = AJKBannerDemo;
		};
/* End PBXContainerItemProxy section */

/* Begin PBXFileReference section */
		04CCD5A61E98B0F70074020F /* AJKBannerDemo.app */ = {isa = PBXFileReference; explicitFileType = wrapper.application; includeInIndex = 0; path = AJKBannerDemo.app; sourceTree = BUILT_PRODUCTS_DIR; };
		04CCD5A91E98B0F70074020F /* AppDelegate.swift */ = {isa = PBXFileReference; lastKnownFileType = sourcecode.swift; path = AppDelegate.swift; sourceTree = "<group>"; };
		04CCD5AB1E98B0F70074020F /* ViewController.swift */ = {isa = PBXFileReference; lastKnownFileType = sourcecode.swift; path = ViewController.swift; sourceTree = "<group>"; };
		04CCD5AE1E98B0F70074020F /* Base */ = {isa = PBXFileReference; lastKnownFileType = file.storyboard; name = Base; path = Base.lproj/Main.storyboard; sourceTree = "<group>"; };
		04CCD5B01E98B0F70074020F /* Assets.xcassets */ = {isa = PBXFileReference; lastKnownFileType = folder.assetcatalog; path = Assets.xcassets; sourceTree = "<group>"; };
		04CCD5B31E98B0F70074020F /* Base */ = {isa = PBXFileReference; lastKnownFileType = file.storyboard; name = Base; path = Base.lproj/LaunchScreen.storyboard; sourceTree = "<group>"; };
		04CCD5B51E98B0F70074020F /* Info.plist */ = {isa = PBXFileReference; lastKnownFileType = text.plist.xml; path = Info.plist; sourceTree = "<group>"; };
		04CCD5BA1E98B0F70074020F /* AJKBannerDemoTests.xctest */ = {isa = PBXFileReference; explicitFileType = wrapper.cfbundle; includeInIndex = 0; path = AJKBannerDemoTests.xctest; sourceTree = BUILT_PRODUCTS_DIR; };
		04CCD5BE1E98B0F70074020F /* AJKBannerDemoTests.swift */ = {isa = PBXFileReference; lastKnownFileType = sourcecode.swift; path = AJKBannerDemoTests.swift; sourceTree = "<group>"; };
		04CCD5C01E98B0F70074020F /* Info.plist */ = {isa = PBXFileReference; lastKnownFileType = text.plist.xml; path = Info.plist; sourceTree = "<group>"; };
		04CCD5C51E98B0F70074020F /* AJKBannerDemoUITests.xctest */ = {isa = PBXFileReference; explicitFileType = wrapper.cfbundle; includeInIndex = 0; path = AJKBannerDemoUITests.xctest; sourceTree = BUILT_PRODUCTS_DIR; };
		04CCD5C91E98B0F70074020F /* AJKBannerDemoUITests.swift */ = {isa = PBXFileReference; lastKnownFileType = sourcecode.swift; path = AJKBannerDemoUITests.swift; sourceTree = "<group>"; };
		04CCD5CB1E98B0F70074020F /* Info.plist */ = {isa = PBXFileReference; lastKnownFileType = text.plist.xml; path = Info.plist; sourceTree = "<group>"; };
		04CCD5D81E98B1240074020F /* AJKBanner.swift */ = {isa = PBXFileReference; fileEncoding = 4; lastKnownFileType = sourcecode.swift; path = AJKBanner.swift; sourceTree = "<group>"; };
/* End PBXFileReference section */

/* Begin PBXFrameworksBuildPhase section */
		04CCD5A31E98B0F70074020F /* Frameworks */ = {
			isa = PBXFrameworksBuildPhase;
			buildActionMask = 2147483647;
			files = (
			);
			runOnlyForDeploymentPostprocessing = 0;
		};
		04CCD5B71E98B0F70074020F /* Frameworks */ = {
			isa = PBXFrameworksBuildPhase;
			buildActionMask = 2147483647;
			files = (
			);
			runOnlyForDeploymentPostprocessing = 0;
		};
		04CCD5C21E98B0F70074020F /* Frameworks */ = {
			isa = PBXFrameworksBuildPhase;
			buildActionMask = 2147483647;
			files = (
			);
			runOnlyForDeploymentPostprocessing = 0;
		};
/* End PBXFrameworksBuildPhase section */

/* Begin PBXGroup section */
		04CCD59D1E98B0F70074020F = {
			isa = PBXGroup;
			children = (
				04CCD5A81E98B0F70074020F /* AJKBannerDemo */,
				04CCD5BD1E98B0F70074020F /* AJKBannerDemoTests */,
				04CCD5C81E98B0F70074020F /* AJKBannerDemoUITests */,
				04CCD5A71E98B0F70074020F /* Products */,
			);
			sourceTree = "<group>";
		};
		04CCD5A71E98B0F70074020F /* Products */ = {
			isa = PBXGroup;
			children = (
				04CCD5A61E98B0F70074020F /* AJKBannerDemo.app */,
				04CCD5BA1E98B0F70074020F /* AJKBannerDemoTests.xctest */,
				04CCD5C51E98B0F70074020F /* AJKBannerDemoUITests.xctest */,
			);
			name = Products;
			sourceTree = "<group>";
		};
		04CCD5A81E98B0F70074020F /* AJKBannerDemo */ = {
			isa = PBXGroup;
			children = (
				04CCD5D71E98B1140074020F /* AJKBanner */,
				04CCD5A91E98B0F70074020F /* AppDelegate.swift */,
				04CCD5AB1E98B0F70074020F /* ViewController.swift */,
				04CCD5AD1E98B0F70074020F /* Main.storyboard */,
				04CCD5B01E98B0F70074020F /* Assets.xcassets */,
				04CCD5B21E98B0F70074020F /* LaunchScreen.storyboard */,
				04CCD5B51E98B0F70074020F /* Info.plist */,
			);
			path = AJKBannerDemo;
			sourceTree = "<group>";
		};
		04CCD5BD1E98B0F70074020F /* AJKBannerDemoTests */ = {
			isa = PBXGroup;
			children = (
				04CCD5BE1E98B0F70074020F /* AJKBannerDemoTests.swift */,
				04CCD5C01E98B0F70074020F /* Info.plist */,
			);
			path = AJKBannerDemoTests;
			sourceTree = "<group>";
		};
		04CCD5C81E98B0F70074020F /* AJKBannerDemoUITests */ = {
			isa = PBXGroup;
			children = (
				04CCD5C91E98B0F70074020F /* AJKBannerDemoUITests.swift */,
				04CCD5CB1E98B0F70074020F /* Info.plist */,
			);
			path = AJKBannerDemoUITests;
			sourceTree = "<group>";
		};
		04CCD5D71E98B1140074020F /* AJKBanner */ = {
			isa = PBXGroup;
			children = (
				04CCD5D81E98B1240074020F /* AJKBanner.swift */,
			);
			path = AJKBanner;
			sourceTree = "<group>";
		};
/* End PBXGroup section */

/* Begin PBXNativeTarget section */
		04CCD5A51E98B0F70074020F /* AJKBannerDemo */ = {
			isa = PBXNativeTarget;
			buildConfigurationList = 04CCD5CE1E98B0F70074020F /* Build configuration list for PBXNativeTarget "AJKBannerDemo" */;
			buildPhases = (
				04CCD5A21E98B0F70074020F /* Sources */,
				04CCD5A31E98B0F70074020F /* Frameworks */,
				04CCD5A41E98B0F70074020F /* Resources */,
			);
			buildRules = (
			);
			dependencies = (
			);
			name = AJKBannerDemo;
			productName = AJKBannerDemo;
			productReference = 04CCD5A61E98B0F70074020F /* AJKBannerDemo.app */;
			productType = "com.apple.product-type.application";
		};
		04CCD5B91E98B0F70074020F /* AJKBannerDemoTests */ = {
			isa = PBXNativeTarget;
			buildConfigurationList = 04CCD5D11E98B0F70074020F /* Build configuration list for PBXNativeTarget "AJKBannerDemoTests" */;
			buildPhases = (
				04CCD5B61E98B0F70074020F /* Sources */,
				04CCD5B71E98B0F70074020F /* Frameworks */,
				04CCD5B81E98B0F70074020F /* Resources */,
			);
			buildRules = (
			);
			dependencies = (
				04CCD5BC1E98B0F70074020F /* PBXTargetDependency */,
			);
			name = AJKBannerDemoTests;
			productName = AJKBannerDemoTests;
			productReference = 04CCD5BA1E98B0F70074020F /* AJKBannerDemoTests.xctest */;
			productType = "com.apple.product-type.bundle.unit-test";
		};
		04CCD5C41E98B0F70074020F /* AJKBannerDemoUITests */ = {
			isa = PBXNativeTarget;
			buildConfigurationList = 04CCD5D41E98B0F70074020F /* Build configuration list for PBXNativeTarget "AJKBannerDemoUITests" */;
			buildPhases = (
				04CCD5C11E98B0F70074020F /* Sources */,
				04CCD5C21E98B0F70074020F /* Frameworks */,
				04CCD5C31E98B0F70074020F /* Resources */,
			);
			buildRules = (
			);
			dependencies = (
				04CCD5C71E98B0F70074020F /* PBXTargetDependency */,
			);
			name = AJKBannerDemoUITests;
			productName = AJKBannerDemoUITests;
			productReference = 04CCD5C51E98B0F70074020F /* AJKBannerDemoUITests.xctest */;
			productType = "com.apple.product-type.bundle.ui-testing";
		};
/* End PBXNativeTarget section */

/* Begin PBXProject section */
		04CCD59E1E98B0F70074020F /* Project object */ = {
			isa = PBXProject;
			attributes = {
				LastSwiftUpdateCheck = 0830;
				LastUpgradeCheck = 0830;
				ORGANIZATIONNAME = AJK;
				TargetAttributes = {
					04CCD5A51E98B0F70074020F = {
						CreatedOnToolsVersion = 8.3;
						ProvisioningStyle = Automatic;
					};
					04CCD5B91E98B0F70074020F = {
						CreatedOnToolsVersion = 8.3;
						ProvisioningStyle = Automatic;
						TestTargetID = 04CCD5A51E98B0F70074020F;
					};
					04CCD5C41E98B0F70074020F = {
						CreatedOnToolsVersion = 8.3;
						ProvisioningStyle = Automatic;
						TestTargetID = 04CCD5A51E98B0F70074020F;
					};
				};
			};
			buildConfigurationList = 04CCD5A11E98B0F70074020F /* Build configuration list for PBXProject "AJKBannerDemo" */;
			compatibilityVersion = "Xcode 3.2";
			developmentRegion = English;
			hasScannedForEncodings = 0;
			knownRegions = (
				en,
				Base,
			);
			mainGroup = 04CCD59D1E98B0F70074020F;
			productRefGroup = 04CCD5A71E98B0F70074020F /* Products */;
			projectDirPath = "";
			projectRoot = "";
			targets = (
				04CCD5A51E98B0F70074020F /* AJKBannerDemo */,
				04CCD5B91E98B0F70074020F /* AJKBannerDemoTests */,
				04CCD5C41E98B0F70074020F /* AJKBannerDemoUITests */,
			);
		};
/* End PBXProject section */

/* Begin PBXResourcesBuildPhase section */
		04CCD5A41E98B0F70074020F /* Resources */ = {
			isa = PBXResourcesBuildPhase;
			buildActionMask = 2147483647;
			files = (
				04CCD5B41E98B0F70074020F /* LaunchScreen.storyboard in Resources */,
				04CCD5B11E98B0F70074020F /* Assets.xcassets in Resources */,
				04CCD5AF1E98B0F70074020F /* Main.storyboard in Resources */,
			);
			runOnlyForDeploymentPostprocessing = 0;
		};
		04CCD5B81E98B0F70074020F /* Resources */ = {
			isa = PBXResourcesBuildPhase;
			buildActionMask = 2147483647;
			files = (
			);
			runOnlyForDeploymentPostprocessing = 0;
		};
		04CCD5C31E98B0F70074020F /* Resources */ = {
			isa = PBXResourcesBuildPhase;
			buildActionMask = 2147483647;
			files = (
			);
			runOnlyForDeploymentPostprocessing = 0;
		};
/* End PBXResourcesBuildPhase section */

/* Begin PBXSourcesBuildPhase section */
		04CCD5A21E98B0F70074020F /* Sources */ = {
			isa = PBXSourcesBuildPhase;
			buildActionMask = 2147483647;
			files = (
				04CCD5AC1E98B0F70074020F /* ViewController.swift in Sources */,
				04CCD5D91E98B1240074020F /* AJKBanner.swift in Sources */,
				04CCD5AA1E98B0F70074020F /* AppDelegate.swift in Sources */,
			);
			runOnlyForDeploymentPostprocessing = 0;
		};
		04CCD5B61E98B0F70074020F /* Sources */ = {
			isa = PBXSourcesBuildPhase;
			buildActionMask = 2147483647;
			files = (
				04CCD5BF1E98B0F70074020F /* AJKBannerDemoTests.swift in Sources */,
			);
			runOnlyForDeploymentPostprocessing = 0;
		};
		04CCD5C11E98B0F70074020F /* Sources */ = {
			isa = PBXSourcesBuildPhase;
			buildActionMask = 2147483647;
			files = (
				04CCD5CA1E98B0F70074020F /* AJKBannerDemoUITests.swift in Sources */,
			);
			runOnlyForDeploymentPostprocessing = 0;
		};
/* End PBXSourcesBuildPhase section */

/* Begin PBXTargetDependency section */
		04CCD5BC1E98B0F70074020F /* PBXTargetDependency */ = {
			isa = PBXTargetDependency;
			target = 04CCD5A51E98B0F70074020F /* AJKBannerDemo */;
			targetProxy = 04CCD5BB1E98B0F70074020F /* PBXContainerItemProxy */;
		};
		04CCD5C71E98B0F70074020F /* PBXTargetDependency */ = {
			isa = PBXTargetDependency;
			target = 04CCD5A51E98B0F70074020F /* AJKBannerDemo */;
			targetProxy = 04CCD5C61E98B0F70074020F /* PBXContainerItemProxy */;
		};
/* End PBXTargetDependency section */

/* Begin PBXVariantGroup section */
		04CCD5AD1E98B0F70074020F /* Main.storyboard */ = {
			isa = PBXVariantGroup;
			children = (
				04CCD5AE1E98B0F70074020F /* Base */,
			);
			name = Main.storyboard;
			sourceTree = "<group>";
		};
		04CCD5B21E98B0F70074020F /* LaunchScreen.storyboard */ = {
			isa = PBXVariantGroup;
			children = (
				04CCD5B31E98B0F70074020F /* Base */,
			);
			name = LaunchScreen.storyboard;
			sourceTree = "<group>";
		};
/* End PBXVariantGroup section */

/* Begin XCBuildConfiguration section */
		04CCD5CC1E98B0F70074020F /* Debug */ = {
			isa = XCBuildConfiguration;
			buildSettings = {
				ALWAYS_SEARCH_USER_PATHS = NO;
				CLANG_ANALYZER_NONNULL = YES;
				CLANG_ANALYZER_NUMBER_OBJECT_CONVERSION = YES_AGGRESSIVE;
				CLANG_CXX_LANGUAGE_STANDARD = "gnu++0x";
				CLANG_CXX_LIBRARY = "libc++";
				CLANG_ENABLE_MODULES = YES;
				CLANG_ENABLE_OBJC_ARC = YES;
				CLANG_WARN_BOOL_CONVERSION = YES;
				CLANG_WARN_CONSTANT_CONVERSION = YES;
				CLANG_WARN_DIRECT_OBJC_ISA_USAGE = YES_ERROR;
				CLANG_WARN_DOCUMENTATION_COMMENTS = YES;
				CLANG_WARN_EMPTY_BODY = YES;
				CLANG_WARN_ENUM_CONVERSION = YES;
				CLANG_WARN_INFINITE_RECURSION = YES;
				CLANG_WARN_INT_CONVERSION = YES;
				CLANG_WARN_OBJC_ROOT_CLASS = YES_ERROR;
				CLANG_WARN_SUSPICIOUS_MOVE = YES;
				CLANG_WARN_UNREACHABLE_CODE = YES;
				CLANG_WARN__DUPLICATE_METHOD_MATCH = YES;
				"CODE_SIGN_IDENTITY[sdk=iphoneos*]" = "iPhone Developer";
				COPY_PHASE_STRIP = NO;
				DEBUG_INFORMATION_FORMAT = dwarf;
				ENABLE_STRICT_OBJC_MSGSEND = YES;
				ENABLE_TESTABILITY = YES;
				GCC_C_LANGUAGE_STANDARD = gnu99;
				GCC_DYNAMIC_NO_PIC = NO;
				GCC_NO_COMMON_BLOCKS = YES;
				GCC_OPTIMIZATION_LEVEL = 0;
				GCC_PREPROCESSOR_DEFINITIONS = (
					"DEBUG=1",
					"$(inherited)",
				);
				GCC_WARN_64_TO_32_BIT_CONVERSION = YES;
				GCC_WARN_ABOUT_RETURN_TYPE = YES_ERROR;
				GCC_WARN_UNDECLARED_SELECTOR = YES;
				GCC_WARN_UNINITIALIZED_AUTOS = YES_AGGRESSIVE;
				GCC_WARN_UNUSED_FUNCTION = YES;
				GCC_WARN_UNUSED_VARIABLE = YES;
				IPHONEOS_DEPLOYMENT_TARGET = 10.3;
				MTL_ENABLE_DEBUG_INFO = YES;
				ONLY_ACTIVE_ARCH = YES;
				SDKROOT = iphoneos;
				SWIFT_ACTIVE_COMPILATION_CONDITIONS = DEBUG;
				SWIFT_OPTIMIZATION_LEVEL = "-Onone";
				TARGETED_DEVICE_FAMILY = "1,2";
			};
			name = Debug;
		};
		04CCD5CD1E98B0F70074020F /* Release */ = {
			isa = XCBuildConfiguration;
			buildSettings = {
				ALWAYS_SEARCH_USER_PATHS = NO;
				CLANG_ANALYZER_NONNULL = YES;
				CLANG_ANALYZER_NUMBER_OBJECT_CONVERSION = YES_AGGRESSIVE;
				CLANG_CXX_LANGUAGE_STANDARD = "gnu++0x";
				CLANG_CXX_LIBRARY = "libc++";
				CLANG_ENABLE_MODULES = YES;
				CLANG_ENABLE_OBJC_ARC = YES;
				CLANG_WARN_BOOL_CONVERSION = YES;
				CLANG_WARN_CONSTANT_CONVERSION = YES;
				CLANG_WARN_DIRECT_OBJC_ISA_USAGE = YES_ERROR;
				CLANG_WARN_DOCUMENTATION_COMMENTS = YES;
				CLANG_WARN_EMPTY_BODY = YES;
				CLANG_WARN_ENUM_CONVERSION = YES;
				CLANG_WARN_INFINITE_RECURSION = YES;
				CLANG_WARN_INT_CONVERSION = YES;
				CLANG_WARN_OBJC_ROOT_CLASS = YES_ERROR;
				CLANG_WARN_SUSPICIOUS_MOVE = YES;
				CLANG_WARN_UNREACHABLE_CODE = YES;
				CLANG_WARN__DUPLICATE_METHOD_MATCH = YES;
				"CODE_SIGN_IDENTITY[sdk=iphoneos*]" = "iPhone Developer";
				COPY_PHASE_STRIP = NO;
				DEBUG_INFORMATION_FORMAT = "dwarf-with-dsym";
				ENABLE_NS_ASSERTIONS = NO;
				ENABLE_STRICT_OBJC_MSGSEND = YES;
				GCC_C_LANGUAGE_STANDARD = gnu99;
				GCC_NO_COMMON_BLOCKS = YES;
				GCC_WARN_64_TO_32_BIT_CONVERSION = YES;
				GCC_WARN_ABOUT_RETURN_TYPE = YES_ERROR;
				GCC_WARN_UNDECLARED_SELECTOR = YES;
				GCC_WARN_UNINITIALIZED_AUTOS = YES_AGGRESSIVE;
				GCC_WARN_UNUSED_FUNCTION = YES;
				GCC_WARN_UNUSED_VARIABLE = YES;
				IPHONEOS_DEPLOYMENT_TARGET = 10.3;
				MTL_ENABLE_DEBUG_INFO = NO;
				SDKROOT = iphoneos;
				SWIFT_OPTIMIZATION_LEVEL = "-Owholemodule";
				TARGETED_DEVICE_FAMILY = "1,2";
				VALIDATE_PRODUCT = YES;
			};
			name = Release;
		};
		04CCD5CF1E98B0F70074020F /* Debug */ = {
			isa = XCBuildConfiguration;
			buildSettings = {
				ASSETCATALOG_COMPILER_APPICON_NAME = AppIcon;
				INFOPLIST_FILE = AJKBannerDemo/Info.plist;
				LD_RUNPATH_SEARCH_PATHS = "$(inherited) @executable_path/Frameworks";
				PRODUCT_BUNDLE_IDENTIFIER = com.aips.AJKBannerDemo;
				PRODUCT_NAME = "$(TARGET_NAME)";
				SWIFT_VERSION = 3.0;
			};
			name = Debug;
		};
		04CCD5D01E98B0F70074020F /* Release */ = {
			isa = XCBuildConfiguration;
			buildSettings = {
				ASSETCATALOG_COMPILER_APPICON_NAME = AppIcon;
				INFOPLIST_FILE = AJKBannerDemo/Info.plist;
				LD_RUNPATH_SEARCH_PATHS = "$(inherited) @executable_path/Frameworks";
				PRODUCT_BUNDLE_IDENTIFIER = com.aips.AJKBannerDemo;
				PRODUCT_NAME = "$(TARGET_NAME)";
				SWIFT_VERSION = 3.0;
			};
			name = Release;
		};
		04CCD5D21E98B0F70074020F /* Debug */ = {
			isa = XCBuildConfiguration;
			buildSettings = {
				ALWAYS_EMBED_SWIFT_STANDARD_LIBRARIES = YES;
				BUNDLE_LOADER = "$(TEST_HOST)";
				INFOPLIST_FILE = AJKBannerDemoTests/Info.plist;
				LD_RUNPATH_SEARCH_PATHS = "$(inherited) @executable_path/Frameworks @loader_path/Frameworks";
				PRODUCT_BUNDLE_IDENTIFIER = com.aips.AJKBannerDemoTests;
				PRODUCT_NAME = "$(TARGET_NAME)";
				SWIFT_VERSION = 3.0;
				TEST_HOST = "$(BUILT_PRODUCTS_DIR)/AJKBannerDemo.app/AJKBannerDemo";
			};
			name = Debug;
		};
		04CCD5D31E98B0F70074020F /* Release */ = {
			isa = XCBuildConfiguration;
			buildSettings = {
				ALWAYS_EMBED_SWIFT_STANDARD_LIBRARIES = YES;
				BUNDLE_LOADER = "$(TEST_HOST)";
				INFOPLIST_FILE = AJKBannerDemoTests/Info.plist;
				LD_RUNPATH_SEARCH_PATHS = "$(inherited) @executable_path/Frameworks @loader_path/Frameworks";
				PRODUCT_BUNDLE_IDENTIFIER = com.aips.AJKBannerDemoTests;
				PRODUCT_NAME = "$(TARGET_NAME)";
				SWIFT_VERSION = 3.0;
				TEST_HOST = "$(BUILT_PRODUCTS_DIR)/AJKBannerDemo.app/AJKBannerDemo";
			};
			name = Release;
		};
		04CCD5D51E98B0F70074020F /* Debug */ = {
			isa = XCBuildConfiguration;
			buildSettings = {
				ALWAYS_EMBED_SWIFT_STANDARD_LIBRARIES = YES;
				INFOPLIST_FILE = AJKBannerDemoUITests/Info.plist;
				LD_RUNPATH_SEARCH_PATHS = "$(inherited) @executable_path/Frameworks @loader_path/Frameworks";
				PRODUCT_BUNDLE_IDENTIFIER = com.aips.AJKBannerDemoUITests;
				PRODUCT_NAME = "$(TARGET_NAME)";
				SWIFT_VERSION = 3.0;
				TEST_TARGET_NAME = AJKBannerDemo;
			};
			name = Debug;
		};
		04CCD5D61E98B0F70074020F /* Release */ = {
			isa = XCBuildConfiguration;
			buildSettings = {
				ALWAYS_EMBED_SWIFT_STANDARD_LIBRARIES = YES;
				INFOPLIST_FILE = AJKBannerDemoUITests/Info.plist;
				LD_RUNPATH_SEARCH_PATHS = "$(inherited) @executable_path/Frameworks @loader_path/Frameworks";
				PRODUCT_BUNDLE_IDENTIFIER = com.aips.AJKBannerDemoUITests;
				PRODUCT_NAME = "$(TARGET_NAME)";
				SWIFT_VERSION = 3.0;
				TEST_TARGET_NAME = AJKBannerDemo;
			};
			name = Release;
		};
/* End XCBuildConfiguration section */

/* Begin XCConfigurationList section */
		04CCD5A11E98B0F70074020F /* Build configuration list for PBXProject "AJKBannerDemo" */ = {
			isa = XCConfigurationList;
			buildConfigurations = (
				04CCD5CC1E98B0F70074020F /* Debug */,
				04CCD5CD1E98B0F70074020F /* Release */,
			);
			defaultConfigurationIsVisible = 0;
			defaultConfigurationName = Release;
		};
		04CCD5CE1E98B0F70074020F /* Build configuration list for PBXNativeTarget "AJKBannerDemo" */ = {
			isa = XCConfigurationList;
			buildConfigurations = (
				04CCD5CF1E98B0F70074020F /* Debug */,
				04CCD5D01E98B0F70074020F /* Release */,
			);
			defaultConfigurationIsVisible = 0;
		};
		04CCD5D11E98B0F70074020F /* Build configuration list for PBXNativeTarget "AJKBannerDemoTests" */ = {
			isa = XCConfigurationList;
			buildConfigurations = (
				04CCD5D21E98B0F70074020F /* Debug */,
				04CCD5D31E98B0F70074020F /* Release */,
			);
			defaultConfigurationIsVisible = 0;
		};
		04CCD5D41E98B0F70074020F /* Build configuration list for PBXNativeTarget "AJKBannerDemoUITests" */ = {
			isa = XCConfigurationList;
			buildConfigurations = (
				04CCD5D51E98B0F70074020F /* Debug */,
				04CCD5D61E98B0F70074020F /* Release */,
			);
			defaultConfigurationIsVisible = 0;
		};
/* End XCConfigurationList section */
	};
	rootObject = 04CCD59E1E98B0F70074020F /* Project object */;
}
